PODS:
  - Alamofire (4.9.1)
  - Kingfisher (5.13.2):
    - Kingfisher/Core (= 5.13.2)
  - Kingfisher/Core (5.13.2)
  - ObjectMapper (3.5.1)
  - ProgressHUD (2.70)

DEPENDENCIES:
  - Alamofire (~> 4.9.1)
  - Kingfisher
  - ObjectMapper
  - ProgressHUD

SPEC REPOS:
  https://github.com/cocoapods/specs.git:
    - Alamofire
    - Kingfisher
    - ObjectMapper
    - ProgressHUD

SPEC CHECKSUMS:
  Alamofire: 85e8a02c69d6020a0d734f6054870d7ecb75cf18
  Kingfisher: d342c8354c10c3d85a27d6d4c42c41285924b898
  ObjectMapper: 70187b8941977c62ccfb423caf6b50be405cabf0
  ProgressHUD: e603e8b8622c47d8818b9fb38b3cfe9d3e7ca421

PODFILE CHECKSUM: ea083de22271e3948c12d721b51304075971bb61

COCOAPODS: 1.7.5
